<?xml version="1.0" encoding="utf-8"?>
<Project ToolsVersion="16.0" xmlns="http://schemas.microsoft.com/developer/msbuild/2003">
  <ItemGroup>
    <CustomBuild Include="C:\Elpas\e4ext-intel-realsense\WINDOWS\src\CMakeLists.txt" />
  </ItemGroup>
  <ItemGroup>
    <None Include="C:\Elpas\e4ext-intel-realsense\WINDOWS\include\RealSenseID\AndroidSerialConfig.h">
      <Filter>Header Files</Filter>
    </None>
    <None Include="C:\Elpas\e4ext-intel-realsense\WINDOWS\include\RealSenseID\AuthFaceprintsExtractionCallback.h">
      <Filter>Header Files</Filter>
    </None>
    <None Include="C:\Elpas\e4ext-intel-realsense\WINDOWS\include\RealSenseID\AuthenticateStatus.h">
      <Filter>Header Files</Filter>
    </None>
    <None Include="C:\Elpas\e4ext-intel-realsense\WINDOWS\include\RealSenseID\AuthenticationCallback.h">
      <Filter>Header Files</Filter>
    </None>
    <None Include="C:\Elpas\e4ext-intel-realsense\WINDOWS\include\RealSenseID\DeviceConfig.h">
      <Filter>Header Files</Filter>
    </None>
    <None Include="C:\Elpas\e4ext-intel-realsense\WINDOWS\include\RealSenseID\DeviceController.h">
      <Filter>Header Files</Filter>
    </None>
    <None Include="C:\Elpas\e4ext-intel-realsense\WINDOWS\include\RealSenseID\DiscoverDevices.h">
      <Filter>Header Files</Filter>
    </None>
    <None Include="C:\Elpas\e4ext-intel-realsense\WINDOWS\include\RealSenseID\EnrollFaceprintsExtractionCallback.h">
      <Filter>Header Files</Filter>
    </None>
    <None Include="C:\Elpas\e4ext-intel-realsense\WINDOWS\include\RealSenseID\EnrollStatus.h">
      <Filter>Header Files</Filter>
    </None>
    <None Include="C:\Elpas\e4ext-intel-realsense\WINDOWS\include\RealSenseID\EnrollmentCallback.h">
      <Filter>Header Files</Filter>
    </None>
    <None Include="C:\Elpas\e4ext-intel-realsense\WINDOWS\include\RealSenseID\FaceAuthenticator.h">
      <Filter>Header Files</Filter>
    </None>
    <None Include="C:\Elpas\e4ext-intel-realsense\WINDOWS\include\RealSenseID\FacePose.h">
      <Filter>Header Files</Filter>
    </None>
    <None Include="C:\Elpas\e4ext-intel-realsense\WINDOWS\include\RealSenseID\FaceRect.h">
      <Filter>Header Files</Filter>
    </None>
    <None Include="C:\Elpas\e4ext-intel-realsense\WINDOWS\include\RealSenseID\Faceprints.h">
      <Filter>Header Files</Filter>
    </None>
    <None Include="C:\Elpas\e4ext-intel-realsense\WINDOWS\include\RealSenseID\FaceprintsDefines.h">
      <Filter>Header Files</Filter>
    </None>
    <None Include="C:\Elpas\e4ext-intel-realsense\WINDOWS\include\RealSenseID\FwUpdater.h">
      <Filter>Header Files</Filter>
    </None>
    <None Include="C:\Elpas\e4ext-intel-realsense\WINDOWS\include\RealSenseID\Logging.h">
      <Filter>Header Files</Filter>
    </None>
    <None Include="C:\Elpas\e4ext-intel-realsense\WINDOWS\include\RealSenseID\MatchResultHost.h">
      <Filter>Header Files</Filter>
    </None>
    <None Include="C:\Elpas\e4ext-intel-realsense\WINDOWS\include\RealSenseID\Preview.h">
      <Filter>Header Files</Filter>
    </None>
    <None Include="C:\Elpas\e4ext-intel-realsense\WINDOWS\include\RealSenseID\RealSenseIDExports.h">
      <Filter>Header Files</Filter>
    </None>
    <None Include="C:\Elpas\e4ext-intel-realsense\WINDOWS\include\RealSenseID\SerialConfig.h">
      <Filter>Header Files</Filter>
    </None>
    <None Include="C:\Elpas\e4ext-intel-realsense\WINDOWS\include\RealSenseID\SignatureCallback.h">
      <Filter>Header Files</Filter>
    </None>
    <None Include="C:\Elpas\e4ext-intel-realsense\WINDOWS\include\RealSenseID\Status.h">
      <Filter>Header Files</Filter>
    </None>
    <None Include="C:\Elpas\e4ext-intel-realsense\WINDOWS\include\RealSenseID\UserFaceprints.h">
      <Filter>Header Files</Filter>
    </None>
    <None Include="C:\Elpas\e4ext-intel-realsense\WINDOWS\include\RealSenseID\Version.h">
      <Filter>Header Files</Filter>
    </None>
  </ItemGroup>
  <ItemGroup>
    <Filter Include="Header Files">
      <UniqueIdentifier>{7EA4C5F8-6D9C-3EA3-A024-6D000BB41130}</UniqueIdentifier>
    </Filter>
  </ItemGroup>
</Project>
