
Microsoft Visual Studio Solution File, Format Version 12.00
# Visual Studio Version 16
Project("{2150E333-8FDC-42A3-9474-1A3956D46DE8}") = "_build", "_build", "{E1896712-012C-3705-8220-0EDDDC095887}"
EndProject
Project("{2150E333-8FDC-42A3-9474-1A3956D46DE8}") = "external", "external", "{AA2FAE5B-0C39-3101-82BC-ED792F6EAF93}"
EndProject
Project("{2150E333-8FDC-42A3-9474-1A3956D46DE8}") = "libjpeg-turbo", "external\libjpeg-turbo", "{1B93E384-3555-3D97-A0D6-A8D5DF4B7736}"
EndProject
Project("{8BC9CEB8-8B4A-11D0-8D11-00A0C91BC942}") = "ALL_BUILD", "ALL_BUILD.vcxproj", "{A1AB9652-5051-3B56-9936-A53EBB31E027}"
	ProjectSection(ProjectDependencies) = postProject
		{6394589A-9381-3505-9D27-50EE887CFD43} = {6394589A-9381-3505-9D27-50EE887CFD43}
		{D7D54E47-11A4-3EF2-9B20-A36522EDCE7C} = {D7D54E47-11A4-3EF2-9B20-A36522EDCE7C}
	EndProjectSection
EndProject
Project("{8BC9CEB8-8B4A-11D0-8D11-00A0C91BC942}") = "INSTALL", "INSTALL.vcxproj", "{CD9816B4-EB35-3005-96FC-1469D2935037}"
	ProjectSection(ProjectDependencies) = postProject
		{A1AB9652-5051-3B56-9936-A53EBB31E027} = {A1AB9652-5051-3B56-9936-A53EBB31E027}
		{6394589A-9381-3505-9D27-50EE887CFD43} = {6394589A-9381-3505-9D27-50EE887CFD43}
	EndProjectSection
EndProject
Project("{8BC9CEB8-8B4A-11D0-8D11-00A0C91BC942}") = "ZERO_CHECK", "..\\ZERO_CHECK.vcxproj", "{6394589A-9381-3505-9D27-50EE887CFD43}"
	ProjectSection(ProjectDependencies) = postProject
	EndProjectSection
EndProject
Project("{8BC9CEB8-8B4A-11D0-8D11-00A0C91BC942}") = "include", "include.vcxproj", "{5045A726-59A7-389A-8727-6FEE887AB40F}"
	ProjectSection(ProjectDependencies) = postProject
		{6394589A-9381-3505-9D27-50EE887CFD43} = {6394589A-9381-3505-9D27-50EE887CFD43}
	EndProjectSection
EndProject
Project("{8BC9CEB8-8B4A-11D0-8D11-00A0C91BC942}") = "jpeg-static", "..\3rdparty\libjpeg-turbo_2_1_0\jpeg-static.vcxproj", "{8DFC82D0-17D5-37AC-9BB2-94896BD6180B}"
	ProjectSection(ProjectDependencies) = postProject
		{6394589A-9381-3505-9D27-50EE887CFD43} = {6394589A-9381-3505-9D27-50EE887CFD43}
		{A70AD25E-B929-3BEF-8382-6982AFE16A08} = {A70AD25E-B929-3BEF-8382-6982AFE16A08}
	EndProjectSection
EndProject
Project("{8BC9CEB8-8B4A-11D0-8D11-00A0C91BC942}") = "rsid", "rsid.vcxproj", "{D7D54E47-11A4-3EF2-9B20-A36522EDCE7C}"
	ProjectSection(ProjectDependencies) = postProject
		{6394589A-9381-3505-9D27-50EE887CFD43} = {6394589A-9381-3505-9D27-50EE887CFD43}
		{8DFC82D0-17D5-37AC-9BB2-94896BD6180B} = {8DFC82D0-17D5-37AC-9BB2-94896BD6180B}
	EndProjectSection
EndProject
Project("{8BC9CEB8-8B4A-11D0-8D11-00A0C91BC942}") = "simd", "..\3rdparty\libjpeg-turbo_2_1_0\simd.vcxproj", "{A70AD25E-B929-3BEF-8382-6982AFE16A08}"
	ProjectSection(ProjectDependencies) = postProject
		{6394589A-9381-3505-9D27-50EE887CFD43} = {6394589A-9381-3505-9D27-50EE887CFD43}
	EndProjectSection
EndProject
Global
	GlobalSection(SolutionConfigurationPlatforms) = preSolution
		Debug|x64 = Debug|x64
		Release|x64 = Release|x64
		MinSizeRel|x64 = MinSizeRel|x64
		RelWithDebInfo|x64 = RelWithDebInfo|x64
	EndGlobalSection
	GlobalSection(ProjectConfigurationPlatforms) = postSolution
		{A1AB9652-5051-3B56-9936-A53EBB31E027}.Debug|x64.ActiveCfg = Debug|x64
		{A1AB9652-5051-3B56-9936-A53EBB31E027}.Debug|x64.Build.0 = Debug|x64
		{A1AB9652-5051-3B56-9936-A53EBB31E027}.Release|x64.ActiveCfg = Release|x64
		{A1AB9652-5051-3B56-9936-A53EBB31E027}.Release|x64.Build.0 = Release|x64
		{A1AB9652-5051-3B56-9936-A53EBB31E027}.MinSizeRel|x64.ActiveCfg = MinSizeRel|x64
		{A1AB9652-5051-3B56-9936-A53EBB31E027}.MinSizeRel|x64.Build.0 = MinSizeRel|x64
		{A1AB9652-5051-3B56-9936-A53EBB31E027}.RelWithDebInfo|x64.ActiveCfg = RelWithDebInfo|x64
		{A1AB9652-5051-3B56-9936-A53EBB31E027}.RelWithDebInfo|x64.Build.0 = RelWithDebInfo|x64
		{CD9816B4-EB35-3005-96FC-1469D2935037}.Debug|x64.ActiveCfg = Debug|x64
		{CD9816B4-EB35-3005-96FC-1469D2935037}.Release|x64.ActiveCfg = Release|x64
		{CD9816B4-EB35-3005-96FC-1469D2935037}.MinSizeRel|x64.ActiveCfg = MinSizeRel|x64
		{CD9816B4-EB35-3005-96FC-1469D2935037}.RelWithDebInfo|x64.ActiveCfg = RelWithDebInfo|x64
		{6394589A-9381-3505-9D27-50EE887CFD43}.Debug|x64.ActiveCfg = Debug|x64
		{6394589A-9381-3505-9D27-50EE887CFD43}.Debug|x64.Build.0 = Debug|x64
		{6394589A-9381-3505-9D27-50EE887CFD43}.Release|x64.ActiveCfg = Release|x64
		{6394589A-9381-3505-9D27-50EE887CFD43}.Release|x64.Build.0 = Release|x64
		{6394589A-9381-3505-9D27-50EE887CFD43}.MinSizeRel|x64.ActiveCfg = MinSizeRel|x64
		{6394589A-9381-3505-9D27-50EE887CFD43}.MinSizeRel|x64.Build.0 = MinSizeRel|x64
		{6394589A-9381-3505-9D27-50EE887CFD43}.RelWithDebInfo|x64.ActiveCfg = RelWithDebInfo|x64
		{6394589A-9381-3505-9D27-50EE887CFD43}.RelWithDebInfo|x64.Build.0 = RelWithDebInfo|x64
		{5045A726-59A7-389A-8727-6FEE887AB40F}.Debug|x64.ActiveCfg = Debug|x64
		{5045A726-59A7-389A-8727-6FEE887AB40F}.Release|x64.ActiveCfg = Release|x64
		{5045A726-59A7-389A-8727-6FEE887AB40F}.MinSizeRel|x64.ActiveCfg = MinSizeRel|x64
		{5045A726-59A7-389A-8727-6FEE887AB40F}.RelWithDebInfo|x64.ActiveCfg = RelWithDebInfo|x64
		{8DFC82D0-17D5-37AC-9BB2-94896BD6180B}.Debug|x64.ActiveCfg = Debug|x64
		{8DFC82D0-17D5-37AC-9BB2-94896BD6180B}.Debug|x64.Build.0 = Debug|x64
		{8DFC82D0-17D5-37AC-9BB2-94896BD6180B}.Release|x64.ActiveCfg = Release|x64
		{8DFC82D0-17D5-37AC-9BB2-94896BD6180B}.Release|x64.Build.0 = Release|x64
		{8DFC82D0-17D5-37AC-9BB2-94896BD6180B}.MinSizeRel|x64.ActiveCfg = MinSizeRel|x64
		{8DFC82D0-17D5-37AC-9BB2-94896BD6180B}.MinSizeRel|x64.Build.0 = MinSizeRel|x64
		{8DFC82D0-17D5-37AC-9BB2-94896BD6180B}.RelWithDebInfo|x64.ActiveCfg = RelWithDebInfo|x64
		{8DFC82D0-17D5-37AC-9BB2-94896BD6180B}.RelWithDebInfo|x64.Build.0 = RelWithDebInfo|x64
		{D7D54E47-11A4-3EF2-9B20-A36522EDCE7C}.Debug|x64.ActiveCfg = Debug|x64
		{D7D54E47-11A4-3EF2-9B20-A36522EDCE7C}.Debug|x64.Build.0 = Debug|x64
		{D7D54E47-11A4-3EF2-9B20-A36522EDCE7C}.Release|x64.ActiveCfg = Release|x64
		{D7D54E47-11A4-3EF2-9B20-A36522EDCE7C}.Release|x64.Build.0 = Release|x64
		{D7D54E47-11A4-3EF2-9B20-A36522EDCE7C}.MinSizeRel|x64.ActiveCfg = MinSizeRel|x64
		{D7D54E47-11A4-3EF2-9B20-A36522EDCE7C}.MinSizeRel|x64.Build.0 = MinSizeRel|x64
		{D7D54E47-11A4-3EF2-9B20-A36522EDCE7C}.RelWithDebInfo|x64.ActiveCfg = RelWithDebInfo|x64
		{D7D54E47-11A4-3EF2-9B20-A36522EDCE7C}.RelWithDebInfo|x64.Build.0 = RelWithDebInfo|x64
		{A70AD25E-B929-3BEF-8382-6982AFE16A08}.Debug|x64.ActiveCfg = Debug|x64
		{A70AD25E-B929-3BEF-8382-6982AFE16A08}.Debug|x64.Build.0 = Debug|x64
		{A70AD25E-B929-3BEF-8382-6982AFE16A08}.Release|x64.ActiveCfg = Release|x64
		{A70AD25E-B929-3BEF-8382-6982AFE16A08}.Release|x64.Build.0 = Release|x64
		{A70AD25E-B929-3BEF-8382-6982AFE16A08}.MinSizeRel|x64.ActiveCfg = MinSizeRel|x64
		{A70AD25E-B929-3BEF-8382-6982AFE16A08}.MinSizeRel|x64.Build.0 = MinSizeRel|x64
		{A70AD25E-B929-3BEF-8382-6982AFE16A08}.RelWithDebInfo|x64.ActiveCfg = RelWithDebInfo|x64
		{A70AD25E-B929-3BEF-8382-6982AFE16A08}.RelWithDebInfo|x64.Build.0 = RelWithDebInfo|x64
	EndGlobalSection
	GlobalSection(NestedProjects) = preSolution
		{A1AB9652-5051-3B56-9936-A53EBB31E027} = {E1896712-012C-3705-8220-0EDDDC095887}
		{CD9816B4-EB35-3005-96FC-1469D2935037} = {E1896712-012C-3705-8220-0EDDDC095887}
		{6394589A-9381-3505-9D27-50EE887CFD43} = {E1896712-012C-3705-8220-0EDDDC095887}
		{1B93E384-3555-3D97-A0D6-A8D5DF4B7736} = {AA2FAE5B-0C39-3101-82BC-ED792F6EAF93}
		{8DFC82D0-17D5-37AC-9BB2-94896BD6180B} = {1B93E384-3555-3D97-A0D6-A8D5DF4B7736}
		{A70AD25E-B929-3BEF-8382-6982AFE16A08} = {1B93E384-3555-3D97-A0D6-A8D5DF4B7736}
	EndGlobalSection
	GlobalSection(ExtensibilityGlobals) = postSolution
		SolutionGuid = {56AB6344-D0E4-3138-B5D9-C37F2415FC52}
	EndGlobalSection
	GlobalSection(ExtensibilityAddIns) = postSolution
	EndGlobalSection
EndGlobal
