<?xml version="1.0" encoding="utf-8"?>
<Project ToolsVersion="16.0" xmlns="http://schemas.microsoft.com/developer/msbuild/2003">
  <ItemGroup>
    <ClCompile Include="C:\Elpas\e4ext-intel-realsense\Windows\src\Capture\StreamConverter.cc">
      <Filter>Capture</Filter>
    </ClCompile>
    <ClCompile Include="C:\Elpas\e4ext-intel-realsense\Windows\src\Capture\RawToRgb.cc">
      <Filter>Capture</Filter>
    </ClCompile>
    <ClCompile Include="C:\Elpas\e4ext-intel-realsense\Windows\src\Capture\MSMFCapture.cc">
      <Filter>Capture</Filter>
    </ClCompile>
    <ClCompile Include="C:\Elpas\e4ext-intel-realsense\Windows\src\FaceAuthenticator.cc" />
    <ClCompile Include="C:\Elpas\e4ext-intel-realsense\Windows\src\FaceAuthenticatorImpl.cc" />
    <ClCompile Include="C:\Elpas\e4ext-intel-realsense\Windows\src\DeviceController.cc" />
    <ClCompile Include="C:\Elpas\e4ext-intel-realsense\Windows\src\DeviceControllerImpl.cc" />
    <ClCompile Include="C:\Elpas\e4ext-intel-realsense\Windows\src\StatusHelper.cc" />
    <ClCompile Include="C:\Elpas\e4ext-intel-realsense\Windows\src\Version.cc" />
    <ClCompile Include="C:\Elpas\e4ext-intel-realsense\Windows\src\Logging.cc" />
    <ClCompile Include="C:\Elpas\e4ext-intel-realsense\Windows\src\FwUpdater.cc" />
    <ClCompile Include="C:\Elpas\e4ext-intel-realsense\Windows\src\DiscoverDevices.cc" />
    <ClCompile Include="C:\Elpas\e4ext-intel-realsense\Windows\src\Preview.cc" />
    <ClCompile Include="C:\Elpas\e4ext-intel-realsense\Windows\src\PreviewImpl.cc" />
    <ClCompile Include="C:\Elpas\e4ext-intel-realsense\Windows\src\Logger\Logger.cc">
      <Filter>Logger</Filter>
    </ClCompile>
    <ClCompile Include="C:\Elpas\e4ext-intel-realsense\Windows\src\PacketManager\Randomizer.cc">
      <Filter>PacketManager</Filter>
    </ClCompile>
    <ClCompile Include="C:\Elpas\e4ext-intel-realsense\Windows\src\PacketManager\PacketSender.cc">
      <Filter>PacketManager</Filter>
    </ClCompile>
    <ClCompile Include="C:\Elpas\e4ext-intel-realsense\Windows\src\PacketManager\SerialPacket.cc">
      <Filter>PacketManager</Filter>
    </ClCompile>
    <ClCompile Include="C:\Elpas\e4ext-intel-realsense\Windows\src\PacketManager\Timer.cc">
      <Filter>PacketManager</Filter>
    </ClCompile>
    <ClCompile Include="C:\Elpas\e4ext-intel-realsense\Windows\src\PacketManager\Crc16.cc">
      <Filter>PacketManager</Filter>
    </ClCompile>
    <ClCompile Include="C:\Elpas\e4ext-intel-realsense\Windows\src\PacketManager\WindowsSerial.cc">
      <Filter>PacketManager</Filter>
    </ClCompile>
    <ClCompile Include="C:\Elpas\e4ext-intel-realsense\Windows\src\PacketManager\NonSecureSession.cc">
      <Filter>PacketManager</Filter>
    </ClCompile>
    <ClCompile Include="C:\Elpas\e4ext-intel-realsense\Windows\src\Matcher\Matcher.cc">
      <Filter>Matcher</Filter>
    </ClCompile>
    <ClCompile Include="C:\Elpas\e4ext-intel-realsense\Windows\src\FwUpdate\Utilities.cc">
      <Filter>FwUpdate</Filter>
    </ClCompile>
    <ClCompile Include="C:\Elpas\e4ext-intel-realsense\Windows\src\FwUpdate\Cmds.cc">
      <Filter>FwUpdate</Filter>
    </ClCompile>
    <ClCompile Include="C:\Elpas\e4ext-intel-realsense\Windows\src\FwUpdate\FwUpdaterComm.cc">
      <Filter>FwUpdate</Filter>
    </ClCompile>
    <ClCompile Include="C:\Elpas\e4ext-intel-realsense\Windows\src\FwUpdate\FwUpdateEngine.cc">
      <Filter>FwUpdate</Filter>
    </ClCompile>
  </ItemGroup>
  <ItemGroup>
    <ClInclude Include="C:\Elpas\e4ext-intel-realsense\Windows\src\Capture\StreamConverter.h">
      <Filter>Capture</Filter>
    </ClInclude>
    <ClInclude Include="C:\Elpas\e4ext-intel-realsense\Windows\src\Capture\MetadataDefines.h">
      <Filter>Capture</Filter>
    </ClInclude>
    <ClInclude Include="C:\Elpas\e4ext-intel-realsense\Windows\src\Capture\RawToRgb.h">
      <Filter>Capture</Filter>
    </ClInclude>
    <ClInclude Include="C:\Elpas\e4ext-intel-realsense\Windows\src\Capture\MSMFCapture.h">
      <Filter>Capture</Filter>
    </ClInclude>
    <ClInclude Include="C:\Elpas\e4ext-intel-realsense\Windows\src\CommonValues.h" />
    <ClInclude Include="C:\Elpas\e4ext-intel-realsense\Windows\src\FaceAuthenticatorImpl.h" />
    <ClInclude Include="C:\Elpas\e4ext-intel-realsense\Windows\src\DeviceControllerImpl.h" />
    <ClInclude Include="C:\Elpas\e4ext-intel-realsense\Windows\src\StatusHelper.h" />
    <ClInclude Include="C:\Elpas\e4ext-intel-realsense\Windows\src\PreviewImpl.h" />
    <ClInclude Include="C:\Elpas\e4ext-intel-realsense\Windows\src\Logger\Logger.h">
      <Filter>Logger</Filter>
    </ClInclude>
    <ClInclude Include="C:\Elpas\e4ext-intel-realsense\Windows\src\PacketManager\Randomizer.h">
      <Filter>PacketManager</Filter>
    </ClInclude>
    <ClInclude Include="C:\Elpas\e4ext-intel-realsense\Windows\src\PacketManager\PacketSender.h">
      <Filter>PacketManager</Filter>
    </ClInclude>
    <ClInclude Include="C:\Elpas\e4ext-intel-realsense\Windows\src\PacketManager\SerialPacket.h">
      <Filter>PacketManager</Filter>
    </ClInclude>
    <ClInclude Include="C:\Elpas\e4ext-intel-realsense\Windows\src\PacketManager\Timer.h">
      <Filter>PacketManager</Filter>
    </ClInclude>
    <ClInclude Include="C:\Elpas\e4ext-intel-realsense\Windows\src\PacketManager\SerialConnection.h">
      <Filter>PacketManager</Filter>
    </ClInclude>
    <ClInclude Include="C:\Elpas\e4ext-intel-realsense\Windows\src\PacketManager\CommonTypes.h">
      <Filter>PacketManager</Filter>
    </ClInclude>
    <ClInclude Include="C:\Elpas\e4ext-intel-realsense\Windows\src\PacketManager\Crc16.h">
      <Filter>PacketManager</Filter>
    </ClInclude>
    <ClInclude Include="C:\Elpas\e4ext-intel-realsense\Windows\src\PacketManager\WindowsSerial.h">
      <Filter>PacketManager</Filter>
    </ClInclude>
    <ClInclude Include="C:\Elpas\e4ext-intel-realsense\Windows\src\PacketManager\NonSecureSession.h">
      <Filter>PacketManager</Filter>
    </ClInclude>
    <ClInclude Include="C:\Elpas\e4ext-intel-realsense\Windows\src\Matcher\Matcher.h">
      <Filter>Matcher</Filter>
    </ClInclude>
    <ClInclude Include="C:\Elpas\e4ext-intel-realsense\Windows\src\Matcher\MatcherImplDefines.h">
      <Filter>Matcher</Filter>
    </ClInclude>
    <ClInclude Include="C:\Elpas\e4ext-intel-realsense\Windows\src\FwUpdate\Utilities.h">
      <Filter>FwUpdate</Filter>
    </ClInclude>
    <ClInclude Include="C:\Elpas\e4ext-intel-realsense\Windows\src\FwUpdate\Cmds.h">
      <Filter>FwUpdate</Filter>
    </ClInclude>
    <ClInclude Include="C:\Elpas\e4ext-intel-realsense\Windows\src\FwUpdate\ModuleInfo.h">
      <Filter>FwUpdate</Filter>
    </ClInclude>
    <ClInclude Include="C:\Elpas\e4ext-intel-realsense\Windows\src\FwUpdate\FwUpdaterComm.h">
      <Filter>FwUpdate</Filter>
    </ClInclude>
    <ClInclude Include="C:\Elpas\e4ext-intel-realsense\Windows\src\FwUpdate\FwUpdateEngine.h">
      <Filter>FwUpdate</Filter>
    </ClInclude>
  </ItemGroup>
  <ItemGroup>
    <CustomBuild Include="C:\Elpas\e4ext-intel-realsense\Windows\src\CMakeLists.txt" />
  </ItemGroup>
  <ItemGroup>
    <Filter Include="Capture">
      <UniqueIdentifier>{2AA360BE-1C66-3CF0-AD81-F986956BD1E0}</UniqueIdentifier>
    </Filter>
    <Filter Include="FwUpdate">
      <UniqueIdentifier>{FAD9EEF6-3D38-31B8-82CC-80F911B914AA}</UniqueIdentifier>
    </Filter>
    <Filter Include="Logger">
      <UniqueIdentifier>{4F45A719-A1FA-351A-A4AD-C9AF792A2BE6}</UniqueIdentifier>
    </Filter>
    <Filter Include="Matcher">
      <UniqueIdentifier>{F0553C91-874A-3CFA-8569-6429A703973E}</UniqueIdentifier>
    </Filter>
    <Filter Include="PacketManager">
      <UniqueIdentifier>{F71ACC51-9581-3230-B255-9C760AB0EC67}</UniqueIdentifier>
    </Filter>
  </ItemGroup>
</Project>
