<?xml version="1.0" encoding="utf-8"?>
<Project ToolsVersion="16.0" xmlns="http://schemas.microsoft.com/developer/msbuild/2003">
  <ItemGroup>
    <ClCompile Include="C:\Elpas\e4ext-intel-realsense\windows\src\Capture\StreamConverter.cc">
      <Filter>Capture</Filter>
    </ClCompile>
    <ClCompile Include="C:\Elpas\e4ext-intel-realsense\windows\src\Capture\RawToRgb.cc">
      <Filter>Capture</Filter>
    </ClCompile>
    <ClCompile Include="C:\Elpas\e4ext-intel-realsense\windows\src\Capture\MSMFCapture.cc">
      <Filter>Capture</Filter>
    </ClCompile>
    <ClCompile Include="C:\Elpas\e4ext-intel-realsense\windows\src\FaceAuthenticator.cc" />
    <ClCompile Include="C:\Elpas\e4ext-intel-realsense\windows\src\FaceAuthenticatorImpl.cc" />
    <ClCompile Include="C:\Elpas\e4ext-intel-realsense\windows\src\DeviceController.cc" />
    <ClCompile Include="C:\Elpas\e4ext-intel-realsense\windows\src\DeviceControllerImpl.cc" />
    <ClCompile Include="C:\Elpas\e4ext-intel-realsense\windows\src\StatusHelper.cc" />
    <ClCompile Include="C:\Elpas\e4ext-intel-realsense\windows\src\Version.cc" />
    <ClCompile Include="C:\Elpas\e4ext-intel-realsense\windows\src\Logging.cc" />
    <ClCompile Include="C:\Elpas\e4ext-intel-realsense\windows\src\FwUpdater.cc" />
    <ClCompile Include="C:\Elpas\e4ext-intel-realsense\windows\src\DiscoverDevices.cc" />
    <ClCompile Include="C:\Elpas\e4ext-intel-realsense\windows\src\Preview.cc" />
    <ClCompile Include="C:\Elpas\e4ext-intel-realsense\windows\src\PreviewImpl.cc" />
    <ClCompile Include="C:\Elpas\e4ext-intel-realsense\windows\src\Logger\Logger.cc">
      <Filter>Logger</Filter>
    </ClCompile>
    <ClCompile Include="C:\Elpas\e4ext-intel-realsense\windows\src\PacketManager\Randomizer.cc">
      <Filter>PacketManager</Filter>
    </ClCompile>
    <ClCompile Include="C:\Elpas\e4ext-intel-realsense\windows\src\PacketManager\PacketSender.cc">
      <Filter>PacketManager</Filter>
    </ClCompile>
    <ClCompile Include="C:\Elpas\e4ext-intel-realsense\windows\src\PacketManager\SerialPacket.cc">
      <Filter>PacketManager</Filter>
    </ClCompile>
    <ClCompile Include="C:\Elpas\e4ext-intel-realsense\windows\src\PacketManager\Timer.cc">
      <Filter>PacketManager</Filter>
    </ClCompile>
    <ClCompile Include="C:\Elpas\e4ext-intel-realsense\windows\src\PacketManager\Crc16.cc">
      <Filter>PacketManager</Filter>
    </ClCompile>
    <ClCompile Include="C:\Elpas\e4ext-intel-realsense\windows\src\PacketManager\WindowsSerial.cc">
      <Filter>PacketManager</Filter>
    </ClCompile>
    <ClCompile Include="C:\Elpas\e4ext-intel-realsense\windows\src\PacketManager\NonSecureSession.cc">
      <Filter>PacketManager</Filter>
    </ClCompile>
    <ClCompile Include="C:\Elpas\e4ext-intel-realsense\windows\src\Matcher\Matcher.cc">
      <Filter>Matcher</Filter>
    </ClCompile>
    <ClCompile Include="C:\Elpas\e4ext-intel-realsense\windows\src\FwUpdate\Utilities.cc">
      <Filter>FwUpdate</Filter>
    </ClCompile>
    <ClCompile Include="C:\Elpas\e4ext-intel-realsense\windows\src\FwUpdate\Cmds.cc">
      <Filter>FwUpdate</Filter>
    </ClCompile>
    <ClCompile Include="C:\Elpas\e4ext-intel-realsense\windows\src\FwUpdate\FwUpdaterComm.cc">
      <Filter>FwUpdate</Filter>
    </ClCompile>
    <ClCompile Include="C:\Elpas\e4ext-intel-realsense\windows\src\FwUpdate\FwUpdateEngine.cc">
      <Filter>FwUpdate</Filter>
    </ClCompile>
  </ItemGroup>
  <ItemGroup>
    <ClInclude Include="C:\Elpas\e4ext-intel-realsense\windows\src\Capture\StreamConverter.h">
      <Filter>Capture</Filter>
    </ClInclude>
    <ClInclude Include="C:\Elpas\e4ext-intel-realsense\windows\src\Capture\MetadataDefines.h">
      <Filter>Capture</Filter>
    </ClInclude>
    <ClInclude Include="C:\Elpas\e4ext-intel-realsense\windows\src\Capture\RawToRgb.h">
      <Filter>Capture</Filter>
    </ClInclude>
    <ClInclude Include="C:\Elpas\e4ext-intel-realsense\windows\src\Capture\MSMFCapture.h">
      <Filter>Capture</Filter>
    </ClInclude>
    <ClInclude Include="C:\Elpas\e4ext-intel-realsense\windows\src\CommonValues.h" />
    <ClInclude Include="C:\Elpas\e4ext-intel-realsense\windows\src\FaceAuthenticatorImpl.h" />
    <ClInclude Include="C:\Elpas\e4ext-intel-realsense\windows\src\DeviceControllerImpl.h" />
    <ClInclude Include="C:\Elpas\e4ext-intel-realsense\windows\src\StatusHelper.h" />
    <ClInclude Include="C:\Elpas\e4ext-intel-realsense\windows\src\PreviewImpl.h" />
    <ClInclude Include="C:\Elpas\e4ext-intel-realsense\windows\src\Logger\Logger.h">
      <Filter>Logger</Filter>
    </ClInclude>
    <ClInclude Include="C:\Elpas\e4ext-intel-realsense\windows\src\PacketManager\Randomizer.h">
      <Filter>PacketManager</Filter>
    </ClInclude>
    <ClInclude Include="C:\Elpas\e4ext-intel-realsense\windows\src\PacketManager\PacketSender.h">
      <Filter>PacketManager</Filter>
    </ClInclude>
    <ClInclude Include="C:\Elpas\e4ext-intel-realsense\windows\src\PacketManager\SerialPacket.h">
      <Filter>PacketManager</Filter>
    </ClInclude>
    <ClInclude Include="C:\Elpas\e4ext-intel-realsense\windows\src\PacketManager\Timer.h">
      <Filter>PacketManager</Filter>
    </ClInclude>
    <ClInclude Include="C:\Elpas\e4ext-intel-realsense\windows\src\PacketManager\SerialConnection.h">
      <Filter>PacketManager</Filter>
    </ClInclude>
    <ClInclude Include="C:\Elpas\e4ext-intel-realsense\windows\src\PacketManager\CommonTypes.h">
      <Filter>PacketManager</Filter>
    </ClInclude>
    <ClInclude Include="C:\Elpas\e4ext-intel-realsense\windows\src\PacketManager\Crc16.h">
      <Filter>PacketManager</Filter>
    </ClInclude>
    <ClInclude Include="C:\Elpas\e4ext-intel-realsense\windows\src\PacketManager\WindowsSerial.h">
      <Filter>PacketManager</Filter>
    </ClInclude>
    <ClInclude Include="C:\Elpas\e4ext-intel-realsense\windows\src\PacketManager\NonSecureSession.h">
      <Filter>PacketManager</Filter>
    </ClInclude>
    <ClInclude Include="C:\Elpas\e4ext-intel-realsense\windows\src\Matcher\Matcher.h">
      <Filter>Matcher</Filter>
    </ClInclude>
    <ClInclude Include="C:\Elpas\e4ext-intel-realsense\windows\src\Matcher\MatcherImplDefines.h">
      <Filter>Matcher</Filter>
    </ClInclude>
    <ClInclude Include="C:\Elpas\e4ext-intel-realsense\windows\src\FwUpdate\Utilities.h">
      <Filter>FwUpdate</Filter>
    </ClInclude>
    <ClInclude Include="C:\Elpas\e4ext-intel-realsense\windows\src\FwUpdate\Cmds.h">
      <Filter>FwUpdate</Filter>
    </ClInclude>
    <ClInclude Include="C:\Elpas\e4ext-intel-realsense\windows\src\FwUpdate\ModuleInfo.h">
      <Filter>FwUpdate</Filter>
    </ClInclude>
    <ClInclude Include="C:\Elpas\e4ext-intel-realsense\windows\src\FwUpdate\FwUpdaterComm.h">
      <Filter>FwUpdate</Filter>
    </ClInclude>
    <ClInclude Include="C:\Elpas\e4ext-intel-realsense\windows\src\FwUpdate\FwUpdateEngine.h">
      <Filter>FwUpdate</Filter>
    </ClInclude>
  </ItemGroup>
  <ItemGroup>
    <CustomBuild Include="C:\Elpas\e4ext-intel-realsense\windows\src\CMakeLists.txt" />
  </ItemGroup>
  <ItemGroup>
    <Filter Include="Capture">
      <UniqueIdentifier>{60DE0BC4-C510-3468-87B0-BCB7476954FA}</UniqueIdentifier>
    </Filter>
    <Filter Include="FwUpdate">
      <UniqueIdentifier>{2F79D888-CB8D-30F2-8151-1FB9D34254AF}</UniqueIdentifier>
    </Filter>
    <Filter Include="Logger">
      <UniqueIdentifier>{FF64A802-4851-3AE0-A9C0-5D9251BD58FD}</UniqueIdentifier>
    </Filter>
    <Filter Include="Matcher">
      <UniqueIdentifier>{57E0C7D6-65E2-3990-A1AA-57F92078FFC0}</UniqueIdentifier>
    </Filter>
    <Filter Include="PacketManager">
      <UniqueIdentifier>{1A810B52-2CBA-316A-8AE9-6FF31C14F69E}</UniqueIdentifier>
    </Filter>
  </ItemGroup>
</Project>
