<?xml version="1.0" encoding="utf-8"?>
<Project ToolsVersion="16.0" xmlns="http://schemas.microsoft.com/developer/msbuild/2003">
  <ItemGroup>
    <ClCompile Include="C:\Elpas\e4ext-intel-realsense\windows\tools\rsid-cli\main.cc">
      <Filter>Source Files</Filter>
    </ClCompile>
  </ItemGroup>
  <ItemGroup>
    <CustomBuild Include="C:\Elpas\e4ext-intel-realsense\windows\tools\rsid-cli\CMakeLists.txt" />
  </ItemGroup>
  <ItemGroup>
    <Filter Include="Source Files">
      <UniqueIdentifier>{ED452087-1FB6-3830-95C3-69301250FCBE}</UniqueIdentifier>
    </Filter>
  </ItemGroup>
</Project>
