<?xml version="1.0" encoding="utf-8"?>
<Project ToolsVersion="16.0" xmlns="http://schemas.microsoft.com/developer/msbuild/2003">
  <ItemGroup>
    <CustomBuild Include="C:\Elpas\e4ext-intel-realsense\windows\tools\CMakeFiles\2764ea93efdbd822880cf053f68c9ef2\INSTALL_force.rule">
      <Filter>CMake Rules</Filter>
    </CustomBuild>
  </ItemGroup>
  <ItemGroup>
    <Filter Include="CMake Rules">
      <UniqueIdentifier>{23BD66AA-90EA-37E6-91B7-81439685FAC7}</UniqueIdentifier>
    </Filter>
  </ItemGroup>
</Project>
