<?xml version="1.0" encoding="utf-8"?>
<Project ToolsVersion="16.0" xmlns="http://schemas.microsoft.com/developer/msbuild/2003">
  <ItemGroup>
    <ClCompile Include="C:\Elpas\e4ext-intel-realsense\Windows\wrappers\c\src\rsid_c_client.cc">
      <Filter>src</Filter>
    </ClCompile>
    <ClCompile Include="C:\Elpas\e4ext-intel-realsense\Windows\wrappers\c\src\rsid_c_device_controller.cc">
      <Filter>src</Filter>
    </ClCompile>
    <ClCompile Include="C:\Elpas\e4ext-intel-realsense\Windows\wrappers\c\src\rsid_c_fw_updater.cc">
      <Filter>src</Filter>
    </ClCompile>
    <ClCompile Include="C:\Elpas\e4ext-intel-realsense\Windows\wrappers\c\src\rsid_c_preview.cc">
      <Filter>src</Filter>
    </ClCompile>
  </ItemGroup>
  <ItemGroup>
    <ClInclude Include="C:\Elpas\e4ext-intel-realsense\Windows\wrappers\c\include\rsid_c\rsid_status.h">
      <Filter>include\rsid_c</Filter>
    </ClInclude>
    <ClInclude Include="C:\Elpas\e4ext-intel-realsense\Windows\wrappers\c\include\rsid_c\rsid_export.h">
      <Filter>include\rsid_c</Filter>
    </ClInclude>
    <ClInclude Include="C:\Elpas\e4ext-intel-realsense\Windows\wrappers\c\include\rsid_c\rsid_client.h">
      <Filter>include\rsid_c</Filter>
    </ClInclude>
    <ClInclude Include="C:\Elpas\e4ext-intel-realsense\Windows\wrappers\c\include\rsid_c\rsid_fw_updater.h">
      <Filter>include\rsid_c</Filter>
    </ClInclude>
    <ClInclude Include="C:\Elpas\e4ext-intel-realsense\Windows\wrappers\c\include\rsid_c\rsid_preview.h">
      <Filter>include\rsid_c</Filter>
    </ClInclude>
  </ItemGroup>
  <ItemGroup>
    <CustomBuild Include="C:\Elpas\e4ext-intel-realsense\Windows\wrappers\c\CMakeLists.txt" />
  </ItemGroup>
  <ItemGroup>
    <Filter Include="include">
      <UniqueIdentifier>{4C5C697F-0627-3A99-90AA-2FF34AD6847A}</UniqueIdentifier>
    </Filter>
    <Filter Include="include\rsid_c">
      <UniqueIdentifier>{F9A1C8A0-8758-3D53-B1D0-4D2DA91C055F}</UniqueIdentifier>
    </Filter>
    <Filter Include="src">
      <UniqueIdentifier>{5EEAA7AE-FE17-3F6A-8163-00D1421B49E6}</UniqueIdentifier>
    </Filter>
  </ItemGroup>
</Project>
