<?xml version="1.0" encoding="utf-8"?>
<Project ToolsVersion="16.0" xmlns="http://schemas.microsoft.com/developer/msbuild/2003">
  <ItemGroup>
    <CustomBuild Include="C:\Elpas\e4ext-intel-realsense\WINDOWS\tools\CMakeFiles\9e8d38bb51e34d950d58676c7f323bc8\INSTALL_force.rule">
      <Filter>CMake Rules</Filter>
    </CustomBuild>
  </ItemGroup>
  <ItemGroup>
    <Filter Include="CMake Rules">
      <UniqueIdentifier>{AE33E23D-9AAB-3907-8F73-62EEC106D95B}</UniqueIdentifier>
    </Filter>
  </ItemGroup>
</Project>
