<?xml version="1.0" encoding="utf-8"?>
<Project ToolsVersion="16.0" xmlns="http://schemas.microsoft.com/developer/msbuild/2003">
  <ItemGroup>
    <CustomBuild Include="C:\Elpas\e4ext-intel-realsense\Windows\tools\CMakeFiles\6d95ff53718f3a087527b3aaae8c8da2\INSTALL_force.rule">
      <Filter>CMake Rules</Filter>
    </CustomBuild>
  </ItemGroup>
  <ItemGroup>
    <Filter Include="CMake Rules">
      <UniqueIdentifier>{8870F0C6-8C66-3520-812B-D327EB454370}</UniqueIdentifier>
    </Filter>
  </ItemGroup>
</Project>
