
Microsoft Visual Studio Solution File, Format Version 12.00
# Visual Studio Version 16
Project("{2150E333-8FDC-42A3-9474-1A3956D46DE8}") = "_build", "_build", "{E1896712-012C-3705-8220-0EDDDC095887}"
EndProject
Project("{2150E333-8FDC-42A3-9474-1A3956D46DE8}") = "external", "external", "{AA2FAE5B-0C39-3101-82BC-ED792F6EAF93}"
EndProject
Project("{2150E333-8FDC-42A3-9474-1A3956D46DE8}") = "libjpeg-turbo", "external\libjpeg-turbo", "{1B93E384-3555-3D97-A0D6-A8D5DF4B7736}"
EndProject
Project("{2150E333-8FDC-42A3-9474-1A3956D46DE8}") = "tools", "tools", "{97AB1CC5-E374-3A1C-8CAB-224534226F63}"
EndProject
Project("{2150E333-8FDC-42A3-9474-1A3956D46DE8}") = "wrappers", "wrappers", "{00D3A7FB-1D9D-3E33-AC49-CEF913C7D7F9}"
EndProject
Project("{8BC9CEB8-8B4A-11D0-8D11-00A0C91BC942}") = "ALL_BUILD", "ALL_BUILD.vcxproj", "{A1AB9652-5051-3B56-9936-A53EBB31E027}"
	ProjectSection(ProjectDependencies) = postProject
		{6394589A-9381-3505-9D27-50EE887CFD43} = {6394589A-9381-3505-9D27-50EE887CFD43}
		{7421DE4D-98B2-3DD4-9DE5-BA21EE500827} = {7421DE4D-98B2-3DD4-9DE5-BA21EE500827}
	EndProjectSection
EndProject
Project("{8BC9CEB8-8B4A-11D0-8D11-00A0C91BC942}") = "INSTALL", "INSTALL.vcxproj", "{CD9816B4-EB35-3005-96FC-1469D2935037}"
	ProjectSection(ProjectDependencies) = postProject
		{A1AB9652-5051-3B56-9936-A53EBB31E027} = {A1AB9652-5051-3B56-9936-A53EBB31E027}
		{6394589A-9381-3505-9D27-50EE887CFD43} = {6394589A-9381-3505-9D27-50EE887CFD43}
	EndProjectSection
EndProject
Project("{8BC9CEB8-8B4A-11D0-8D11-00A0C91BC942}") = "ZERO_CHECK", "..\..\\ZERO_CHECK.vcxproj", "{6394589A-9381-3505-9D27-50EE887CFD43}"
	ProjectSection(ProjectDependencies) = postProject
	EndProjectSection
EndProject
Project("{8BC9CEB8-8B4A-11D0-8D11-00A0C91BC942}") = "jpeg-static", "..\..\3rdparty\libjpeg-turbo_2_1_0\jpeg-static.vcxproj", "{8DFC82D0-17D5-37AC-9BB2-94896BD6180B}"
	ProjectSection(ProjectDependencies) = postProject
		{6394589A-9381-3505-9D27-50EE887CFD43} = {6394589A-9381-3505-9D27-50EE887CFD43}
		{A70AD25E-B929-3BEF-8382-6982AFE16A08} = {A70AD25E-B929-3BEF-8382-6982AFE16A08}
	EndProjectSection
EndProject
Project("{8BC9CEB8-8B4A-11D0-8D11-00A0C91BC942}") = "rsid", "..\..\src\rsid.vcxproj", "{D7D54E47-11A4-3EF2-9B20-A36522EDCE7C}"
	ProjectSection(ProjectDependencies) = postProject
		{6394589A-9381-3505-9D27-50EE887CFD43} = {6394589A-9381-3505-9D27-50EE887CFD43}
		{8DFC82D0-17D5-37AC-9BB2-94896BD6180B} = {8DFC82D0-17D5-37AC-9BB2-94896BD6180B}
	EndProjectSection
EndProject
Project("{FAE04EC0-301F-11D3-BF4B-00C04F79EFBC}") = "rsid-viewer", "rsid-viewer.csproj", "{7421DE4D-98B2-3DD4-9DE5-BA21EE500827}"
	ProjectSection(ProjectDependencies) = postProject
		{6394589A-9381-3505-9D27-50EE887CFD43} = {6394589A-9381-3505-9D27-50EE887CFD43}
		{768B2693-EB37-3554-ABCF-F9A6343DB3AE} = {768B2693-EB37-3554-ABCF-F9A6343DB3AE}
	EndProjectSection
EndProject
Project("{8BC9CEB8-8B4A-11D0-8D11-00A0C91BC942}") = "rsid_c", "..\..\wrappers\c\rsid_c.vcxproj", "{949457D0-88C0-373A-AB3F-069A9D09A640}"
	ProjectSection(ProjectDependencies) = postProject
		{6394589A-9381-3505-9D27-50EE887CFD43} = {6394589A-9381-3505-9D27-50EE887CFD43}
		{D7D54E47-11A4-3EF2-9B20-A36522EDCE7C} = {D7D54E47-11A4-3EF2-9B20-A36522EDCE7C}
	EndProjectSection
EndProject
Project("{FAE04EC0-301F-11D3-BF4B-00C04F79EFBC}") = "rsid_dotnet", "..\..\wrappers\csharp\rsid_dotnet.csproj", "{768B2693-EB37-3554-ABCF-F9A6343DB3AE}"
	ProjectSection(ProjectDependencies) = postProject
		{6394589A-9381-3505-9D27-50EE887CFD43} = {6394589A-9381-3505-9D27-50EE887CFD43}
		{949457D0-88C0-373A-AB3F-069A9D09A640} = {949457D0-88C0-373A-AB3F-069A9D09A640}
	EndProjectSection
EndProject
Project("{8BC9CEB8-8B4A-11D0-8D11-00A0C91BC942}") = "simd", "..\..\3rdparty\libjpeg-turbo_2_1_0\simd.vcxproj", "{A70AD25E-B929-3BEF-8382-6982AFE16A08}"
	ProjectSection(ProjectDependencies) = postProject
		{6394589A-9381-3505-9D27-50EE887CFD43} = {6394589A-9381-3505-9D27-50EE887CFD43}
	EndProjectSection
EndProject
Global
	GlobalSection(SolutionConfigurationPlatforms) = preSolution
		Debug|x64 = Debug|x64
		Release|x64 = Release|x64
		MinSizeRel|x64 = MinSizeRel|x64
		RelWithDebInfo|x64 = RelWithDebInfo|x64
	EndGlobalSection
	GlobalSection(ProjectConfigurationPlatforms) = postSolution
		{A1AB9652-5051-3B56-9936-A53EBB31E027}.Debug|x64.ActiveCfg = Debug|x64
		{A1AB9652-5051-3B56-9936-A53EBB31E027}.Debug|x64.Build.0 = Debug|x64
		{A1AB9652-5051-3B56-9936-A53EBB31E027}.Release|x64.ActiveCfg = Release|x64
		{A1AB9652-5051-3B56-9936-A53EBB31E027}.Release|x64.Build.0 = Release|x64
		{A1AB9652-5051-3B56-9936-A53EBB31E027}.MinSizeRel|x64.ActiveCfg = MinSizeRel|x64
		{A1AB9652-5051-3B56-9936-A53EBB31E027}.MinSizeRel|x64.Build.0 = MinSizeRel|x64
		{A1AB9652-5051-3B56-9936-A53EBB31E027}.RelWithDebInfo|x64.ActiveCfg = RelWithDebInfo|x64
		{A1AB9652-5051-3B56-9936-A53EBB31E027}.RelWithDebInfo|x64.Build.0 = RelWithDebInfo|x64
		{CD9816B4-EB35-3005-96FC-1469D2935037}.Debug|x64.ActiveCfg = Debug|x64
		{CD9816B4-EB35-3005-96FC-1469D2935037}.Release|x64.ActiveCfg = Release|x64
		{CD9816B4-EB35-3005-96FC-1469D2935037}.MinSizeRel|x64.ActiveCfg = MinSizeRel|x64
		{CD9816B4-EB35-3005-96FC-1469D2935037}.RelWithDebInfo|x64.ActiveCfg = RelWithDebInfo|x64
		{6394589A-9381-3505-9D27-50EE887CFD43}.Debug|x64.ActiveCfg = Debug|x64
		{6394589A-9381-3505-9D27-50EE887CFD43}.Debug|x64.Build.0 = Debug|x64
		{6394589A-9381-3505-9D27-50EE887CFD43}.Release|x64.ActiveCfg = Release|x64
		{6394589A-9381-3505-9D27-50EE887CFD43}.Release|x64.Build.0 = Release|x64
		{6394589A-9381-3505-9D27-50EE887CFD43}.MinSizeRel|x64.ActiveCfg = MinSizeRel|x64
		{6394589A-9381-3505-9D27-50EE887CFD43}.MinSizeRel|x64.Build.0 = MinSizeRel|x64
		{6394589A-9381-3505-9D27-50EE887CFD43}.RelWithDebInfo|x64.ActiveCfg = RelWithDebInfo|x64
		{6394589A-9381-3505-9D27-50EE887CFD43}.RelWithDebInfo|x64.Build.0 = RelWithDebInfo|x64
		{8DFC82D0-17D5-37AC-9BB2-94896BD6180B}.Debug|x64.ActiveCfg = Debug|x64
		{8DFC82D0-17D5-37AC-9BB2-94896BD6180B}.Debug|x64.Build.0 = Debug|x64
		{8DFC82D0-17D5-37AC-9BB2-94896BD6180B}.Release|x64.ActiveCfg = Release|x64
		{8DFC82D0-17D5-37AC-9BB2-94896BD6180B}.Release|x64.Build.0 = Release|x64
		{8DFC82D0-17D5-37AC-9BB2-94896BD6180B}.MinSizeRel|x64.ActiveCfg = MinSizeRel|x64
		{8DFC82D0-17D5-37AC-9BB2-94896BD6180B}.MinSizeRel|x64.Build.0 = MinSizeRel|x64
		{8DFC82D0-17D5-37AC-9BB2-94896BD6180B}.RelWithDebInfo|x64.ActiveCfg = RelWithDebInfo|x64
		{8DFC82D0-17D5-37AC-9BB2-94896BD6180B}.RelWithDebInfo|x64.Build.0 = RelWithDebInfo|x64
		{D7D54E47-11A4-3EF2-9B20-A36522EDCE7C}.Debug|x64.ActiveCfg = Debug|x64
		{D7D54E47-11A4-3EF2-9B20-A36522EDCE7C}.Debug|x64.Build.0 = Debug|x64
		{D7D54E47-11A4-3EF2-9B20-A36522EDCE7C}.Release|x64.ActiveCfg = Release|x64
		{D7D54E47-11A4-3EF2-9B20-A36522EDCE7C}.Release|x64.Build.0 = Release|x64
		{D7D54E47-11A4-3EF2-9B20-A36522EDCE7C}.MinSizeRel|x64.ActiveCfg = MinSizeRel|x64
		{D7D54E47-11A4-3EF2-9B20-A36522EDCE7C}.MinSizeRel|x64.Build.0 = MinSizeRel|x64
		{D7D54E47-11A4-3EF2-9B20-A36522EDCE7C}.RelWithDebInfo|x64.ActiveCfg = RelWithDebInfo|x64
		{D7D54E47-11A4-3EF2-9B20-A36522EDCE7C}.RelWithDebInfo|x64.Build.0 = RelWithDebInfo|x64
		{7421DE4D-98B2-3DD4-9DE5-BA21EE500827}.Debug|x64.ActiveCfg = Debug|x64
		{7421DE4D-98B2-3DD4-9DE5-BA21EE500827}.Debug|x64.Build.0 = Debug|x64
		{7421DE4D-98B2-3DD4-9DE5-BA21EE500827}.Release|x64.ActiveCfg = Release|x64
		{7421DE4D-98B2-3DD4-9DE5-BA21EE500827}.Release|x64.Build.0 = Release|x64
		{7421DE4D-98B2-3DD4-9DE5-BA21EE500827}.MinSizeRel|x64.ActiveCfg = MinSizeRel|x64
		{7421DE4D-98B2-3DD4-9DE5-BA21EE500827}.MinSizeRel|x64.Build.0 = MinSizeRel|x64
		{7421DE4D-98B2-3DD4-9DE5-BA21EE500827}.RelWithDebInfo|x64.ActiveCfg = RelWithDebInfo|x64
		{7421DE4D-98B2-3DD4-9DE5-BA21EE500827}.RelWithDebInfo|x64.Build.0 = RelWithDebInfo|x64
		{949457D0-88C0-373A-AB3F-069A9D09A640}.Debug|x64.ActiveCfg = Debug|x64
		{949457D0-88C0-373A-AB3F-069A9D09A640}.Debug|x64.Build.0 = Debug|x64
		{949457D0-88C0-373A-AB3F-069A9D09A640}.Release|x64.ActiveCfg = Release|x64
		{949457D0-88C0-373A-AB3F-069A9D09A640}.Release|x64.Build.0 = Release|x64
		{949457D0-88C0-373A-AB3F-069A9D09A640}.MinSizeRel|x64.ActiveCfg = MinSizeRel|x64
		{949457D0-88C0-373A-AB3F-069A9D09A640}.MinSizeRel|x64.Build.0 = MinSizeRel|x64
		{949457D0-88C0-373A-AB3F-069A9D09A640}.RelWithDebInfo|x64.ActiveCfg = RelWithDebInfo|x64
		{949457D0-88C0-373A-AB3F-069A9D09A640}.RelWithDebInfo|x64.Build.0 = RelWithDebInfo|x64
		{768B2693-EB37-3554-ABCF-F9A6343DB3AE}.Debug|x64.ActiveCfg = Debug|x64
		{768B2693-EB37-3554-ABCF-F9A6343DB3AE}.Debug|x64.Build.0 = Debug|x64
		{768B2693-EB37-3554-ABCF-F9A6343DB3AE}.Release|x64.ActiveCfg = Release|x64
		{768B2693-EB37-3554-ABCF-F9A6343DB3AE}.Release|x64.Build.0 = Release|x64
		{768B2693-EB37-3554-ABCF-F9A6343DB3AE}.MinSizeRel|x64.ActiveCfg = MinSizeRel|x64
		{768B2693-EB37-3554-ABCF-F9A6343DB3AE}.MinSizeRel|x64.Build.0 = MinSizeRel|x64
		{768B2693-EB37-3554-ABCF-F9A6343DB3AE}.RelWithDebInfo|x64.ActiveCfg = RelWithDebInfo|x64
		{768B2693-EB37-3554-ABCF-F9A6343DB3AE}.RelWithDebInfo|x64.Build.0 = RelWithDebInfo|x64
		{A70AD25E-B929-3BEF-8382-6982AFE16A08}.Debug|x64.ActiveCfg = Debug|x64
		{A70AD25E-B929-3BEF-8382-6982AFE16A08}.Debug|x64.Build.0 = Debug|x64
		{A70AD25E-B929-3BEF-8382-6982AFE16A08}.Release|x64.ActiveCfg = Release|x64
		{A70AD25E-B929-3BEF-8382-6982AFE16A08}.Release|x64.Build.0 = Release|x64
		{A70AD25E-B929-3BEF-8382-6982AFE16A08}.MinSizeRel|x64.ActiveCfg = MinSizeRel|x64
		{A70AD25E-B929-3BEF-8382-6982AFE16A08}.MinSizeRel|x64.Build.0 = MinSizeRel|x64
		{A70AD25E-B929-3BEF-8382-6982AFE16A08}.RelWithDebInfo|x64.ActiveCfg = RelWithDebInfo|x64
		{A70AD25E-B929-3BEF-8382-6982AFE16A08}.RelWithDebInfo|x64.Build.0 = RelWithDebInfo|x64
	EndGlobalSection
	GlobalSection(NestedProjects) = preSolution
		{A1AB9652-5051-3B56-9936-A53EBB31E027} = {E1896712-012C-3705-8220-0EDDDC095887}
		{CD9816B4-EB35-3005-96FC-1469D2935037} = {E1896712-012C-3705-8220-0EDDDC095887}
		{6394589A-9381-3505-9D27-50EE887CFD43} = {E1896712-012C-3705-8220-0EDDDC095887}
		{1B93E384-3555-3D97-A0D6-A8D5DF4B7736} = {AA2FAE5B-0C39-3101-82BC-ED792F6EAF93}
		{8DFC82D0-17D5-37AC-9BB2-94896BD6180B} = {1B93E384-3555-3D97-A0D6-A8D5DF4B7736}
		{A70AD25E-B929-3BEF-8382-6982AFE16A08} = {1B93E384-3555-3D97-A0D6-A8D5DF4B7736}
		{7421DE4D-98B2-3DD4-9DE5-BA21EE500827} = {97AB1CC5-E374-3A1C-8CAB-224534226F63}
		{949457D0-88C0-373A-AB3F-069A9D09A640} = {00D3A7FB-1D9D-3E33-AC49-CEF913C7D7F9}
		{768B2693-EB37-3554-ABCF-F9A6343DB3AE} = {00D3A7FB-1D9D-3E33-AC49-CEF913C7D7F9}
	EndGlobalSection
	GlobalSection(ExtensibilityGlobals) = postSolution
		SolutionGuid = {54B212A1-1B47-3365-B2D0-7493B88099B4}
	EndGlobalSection
	GlobalSection(ExtensibilityAddIns) = postSolution
	EndGlobalSection
EndGlobal
